
Microsoft Visual Studio Solution File, Format Version 12.00
# Visual Studio Version 17
VisualStudioVersion = 17.7.34031.279
MinimumVisualStudioVersion = 10.0.40219.1
Project("{FAE04EC0-301F-11D3-BF4B-00C04F79EFBC}") = "ApiConReact", "ApiConReact\ApiConReact.csproj", "{6B709300-F8E8-4C03-9AB4-BF39E7FCFB83}"
EndProject
Global
	GlobalSection(SolutionConfigurationPlatforms) = preSolution
		Debug|Any CPU = Debug|Any CPU
		Release|Any CPU = Release|Any CPU
	EndGlobalSection
	GlobalSection(ProjectConfigurationPlatforms) = postSolution
		{6B709300-F8E8-4C03-9AB4-BF39E7FCFB83}.Debug|Any CPU.ActiveCfg = Debug|Any CPU
		{6B709300-F8E8-4C03-9AB4-BF39E7FCFB83}.Debug|Any CPU.Build.0 = Debug|Any CPU
		{6B709300-F8E8-4C03-9AB4-BF39E7FCFB83}.Release|Any CPU.ActiveCfg = Release|Any CPU
		{6B709300-F8E8-4C03-9AB4-BF39E7FCFB83}.Release|Any CPU.Build.0 = Release|Any CPU
	EndGlobalSection
	GlobalSection(SolutionProperties) = preSolution
		HideSolutionNode = FALSE
	EndGlobalSection
	GlobalSection(ExtensibilityGlobals) = postSolution
		SolutionGuid = {A7BBA434-5C49-4FB3-B5BC-0910C301CA1F}
	EndGlobalSection
EndGlobal
